
Microsoft Visual Studio Solution File, Format Version 12.00
# Visual Studio Version 17
VisualStudioVersion = 17.12.35309.182
MinimumVisualStudioVersion = 10.0.40219.1
Project("{8BC9CEB8-8B4A-11D0-8D11-00A0C91BC942}") = "OOP Project", "OOP Project.vcxproj", "{95FB11E3-CAC5-409D-A73F-AC78C46A71F8}"
EndProject
Project("{2150E333-8FDC-42A3-9474-1A3956D46DE8}") = "Solution Items", "Solution Items", "{C3C44938-B682-419C-969D-5231B2DB0655}"
	ProjectSection(SolutionItems) = preProject
		main.cpp = main.cpp
	EndProjectSection
EndProject
Global
	GlobalSection(SolutionConfigurationPlatforms) = preSolution
		Debug|x64 = Debug|x64
		Debug|x86 = Debug|x86
		Release|x64 = Release|x64
		Release|x86 = Release|x86
	EndGlobalSection
	GlobalSection(ProjectConfigurationPlatforms) = postSolution
		{95FB11E3-CAC5-409D-A73F-AC78C46A71F8}.Debug|x64.ActiveCfg = Debug|x64
		{95FB11E3-CAC5-409D-A73F-AC78C46A71F8}.Debug|x64.Build.0 = Debug|x64
		{95FB11E3-CAC5-409D-A73F-AC78C46A71F8}.Debug|x86.ActiveCfg = Debug|Win32
		{95FB11E3-CAC5-409D-A73F-AC78C46A71F8}.Debug|x86.Build.0 = Debug|Win32
		{95FB11E3-CAC5-409D-A73F-AC78C46A71F8}.Release|x64.ActiveCfg = Release|x64
		{95FB11E3-CAC5-409D-A73F-AC78C46A71F8}.Release|x64.Build.0 = Release|x64
		{95FB11E3-CAC5-409D-A73F-AC78C46A71F8}.Release|x86.ActiveCfg = Release|Win32
		{95FB11E3-CAC5-409D-A73F-AC78C46A71F8}.Release|x86.Build.0 = Release|Win32
	EndGlobalSection
	GlobalSection(SolutionProperties) = preSolution
		HideSolutionNode = FALSE
	EndGlobalSection
	GlobalSection(ExtensibilityGlobals) = postSolution
		SolutionGuid = {9E0E516A-7EC5-4513-B964-5FDA4D3AE6D0}
	EndGlobalSection
EndGlobal
